# This file is automatically @generated by Cargo.
# It is not intended for manual editing.
version = 4

[[package]]
name = "app1"
version = "0.1.0"
dependencies = [
 "foo 1.0.0",
]

[[package]]
name = "app2"
version = "0.1.0"
dependencies = [
 "foo 2.0.0",
]

[[package]]
name = "foo"
version = "1.0.0"

[[package]]
name = "foo"
version = "2.0.0"
