# This file is automatically @generated by Cargo.
# It is not intended for manual editing.
version = 4

[[package]]
name = "app"
version = "0.1.0"
dependencies = [
 "bar",
 "baz",
 "foo",
 "plain",
 "util",
]

[[package]]
name = "bar"
version = "0.1.0"

[[package]]
name = "baz"
version = "0.1.0"

[[package]]
name = "foo"
version = "0.1.0"

[[package]]
name = "plain"
version = "0.1.0"

[[package]]
name = "util"
version = "0.1.0"
